# Auto-generated by ASM — do not edit manually

[metadata]
generated_at = "2026-03-04T21:10:39.199260+00:00"
asm_version = "0.1.0"
lock_format = 2
registry_id = "default"

[skills.frontend-design]
upstream_version = "0.0.0"
local_revision = 0
registry = "github"
integrity = "sha256:2b184c05760807f2380b26f68001d24c47dad4db2c0e8f52c5fd5f06c6db3e52"
snapshot_id = "frontend-design-2b184c05760807f2"
resolved = "https://github.com/vudovn/antigravity-kit/tree/main/.agent/skills/frontend-design"
commit = "9a84d4dfb524ef13e07a09ec1a625f9888c0e6ff"

[skills.nextjs-best-practices]
upstream_version = "0.0.0"
local_revision = 0
registry = "github"
integrity = "sha256:7b31199cce0f9a1b17acdf880469b0f9ddf9eb63577b1fde567def461d888287"
snapshot_id = "nextjs-best-practices-7b31199cce0f9a1b"
resolved = "https://github.com/davila7/claude-code-templates/tree/main/cli-tool/components/skills/development/nextjs-best-practices"
commit = "2ed5d984ca697a92108cdcd3ad82c72141064c5e"

[skills.prisma-expert]
upstream_version = "0.0.0"
local_revision = 0
registry = "github"
integrity = "sha256:69ba606f9cd359c5f83ee538da620a452f2b70b3f76d2fe86c44305030b0ab5e"
snapshot_id = "prisma-expert-69ba606f9cd359c5"
resolved = "https://github.com/davila7/claude-code-templates/tree/main/cli-tool/components/skills/development/prisma-expert"
commit = "2ed5d984ca697a92108cdcd3ad82c72141064c5e"

[skills.remotion-best-practices]
upstream_version = "0.0.0"
local_revision = 0
registry = "github"
integrity = "sha256:0124016e904ac1980d4b8d3b496e118407b64b7b57b7a699c8b9744dd61f1619"
snapshot_id = "remotion-best-practices-0124016e904ac198"
resolved = "https://github.com/remotion-dev/remotion/tree/main/packages/skills/skills/remotion"
commit = "99eec750cd6f9580a2f7f8fd609647c4e03d56cb"

[skills.security]
upstream_version = "0.0.0"
local_revision = 0
registry = "github"
integrity = "sha256:9902df41c20dd708830b36b28ecf664ad0c7f7fef89b34efd9a68b5debb7057f"
snapshot_id = "security-9902df41c20dd708"
resolved = "https://github.com/HoangNguyen0403/agent-skills-standard/tree/develop/skills/nextjs/security"
commit = "56011700a05fc311eec92eeb05557be4a0702882"

[skills.security-best-practices]
upstream_version = "0.0.0"
local_revision = 0
registry = "github"
integrity = "sha256:ebfdb521a64f9c43b48941f868c86c734ac38d215866025a1b9041788e56c6f5"
snapshot_id = "security-best-practices-ebfdb521a64f9c43"
resolved = "https://github.com/davila7/claude-code-templates/tree/main/cli-tool/components/skills/security/security-best-practices"
commit = "2ed5d984ca697a92108cdcd3ad82c72141064c5e"

[skills.tailwind-4]
upstream_version = "0.0.0"
local_revision = 0
registry = "github"
integrity = "sha256:4bb97fbac3793910156beb0d722dfba529a68bec74de8f9cfc7333867d77a3f1"
snapshot_id = "tailwind-4-4bb97fbac3793910"
resolved = "https://github.com/Gentleman-Programming/Gentleman.Dots/tree/main/GentlemanClaude/skills/tailwind-4"
commit = "23d67af105b14cccdea54ecbd1694ec0eaa37dc4"

[skills.typescript-strict]
upstream_version = "0.0.0"
local_revision = 0
registry = "github"
integrity = "sha256:99e54a792daf2fd0788f11e9b18161b248e85bedf33e3ae69f477111ac97e0f4"
snapshot_id = "typescript-strict-99e54a792daf2fd0"
resolved = "https://github.com/citypaul/.dotfiles/tree/main/claude/.claude/skills/typescript-strict"
commit = "8a6e8275e8d4be773a71b8909f4c292899beeab6"

[skills.vitest]
upstream_version = "0.0.0"
local_revision = 0
registry = "github"
integrity = "sha256:cabca6b1defd712892d9e5d15658b69e0c59287628ba23c85e0a93d94b6597a8"
snapshot_id = "vitest-cabca6b1defd7128"
resolved = "https://github.com/antfu/skills/tree/main/skills/vitest"
commit = "3fb90f01f5298b00de0a2500aab1ddd1357e6eb2"
